
Microsoft Visual Studio Solution File, Format Version 12.00
# Visual Studio Version 17
VisualStudioVersion = 17.0.31903.59
MinimumVisualStudioVersion = 10.0.40219.1
Project("{FAE04EC0-301F-11D3-BF4B-00C04F79EFBC}") = "DarkWS", "DarkWS\DarkWS.csproj", "{470E3FC2-B368-4ADD-AA03-6A2131C10580}"
EndProject
Project("{FAE04EC0-301F-11D3-BF4B-00C04F79EFBC}") = "DarkWS.Test", "DarkWS.Test\DarkWS.Test.csproj", "{BE1CDB05-D9D2-4E9B-86AD-CBB2A7C98F9D}"
EndProject
Project("{FAE04EC0-301F-11D3-BF4B-00C04F79EFBC}") = "DarkWS.Redis", "DarkWS.Redis\DarkWS.Redis.csproj", "{FBA152C8-4B60-4431-8334-18DBD378AE03}"
EndProject
Project("{FAE04EC0-301F-11D3-BF4B-00C04F79EFBC}") = "DarkWS.Redis.Test", "DarkWS.Redis.Test\DarkWS.Redis.Test.csproj", "{17447BC7-D88A-413F-8834-6393B512A0C4}"
EndProject
Project("{2150E333-8FDC-42A3-9474-1A3956D46DE8}") = "benchmarks", "benchmarks", "{66320409-64EC-F7C5-3DEF-65E7510DAAD1}"
EndProject
Project("{FAE04EC0-301F-11D3-BF4B-00C04F79EFBC}") = "DarkWS.Benchmarks", "benchmarks\DarkWS.Benchmarks\DarkWS.Benchmarks.csproj", "{826C592A-9A96-4ED8-B8CE-4547EDCBEA66}"
EndProject
Project("{FAE04EC0-301F-11D3-BF4B-00C04F79EFBC}") = "DarkWS.Client", "DarkWS.Client\DarkWS.Client.csproj", "{F5F5FF10-F4DD-4FC7-9B87-216BD8026435}"
EndProject
Project("{FAE04EC0-301F-11D3-BF4B-00C04F79EFBC}") = "DarkWS.Client.DependencyInjection", "DarkWS.Client.DependencyInjection\DarkWS.Client.DependencyInjection.csproj", "{C821DDAD-08AB-449C-9B8A-B1685C69D101}"
EndProject
Project("{FAE04EC0-301F-11D3-BF4B-00C04F79EFBC}") = "DarkWS.Client.Test", "DarkWS.Client.Test\DarkWS.Client.Test.csproj", "{6D9238A5-7F0B-4D05-88DF-6B4CB100303F}"
EndProject
Global
	GlobalSection(SolutionConfigurationPlatforms) = preSolution
		Debug|Any CPU = Debug|Any CPU
		Debug|x64 = Debug|x64
		Debug|x86 = Debug|x86
		Release|Any CPU = Release|Any CPU
		Release|x64 = Release|x64
		Release|x86 = Release|x86
	EndGlobalSection
	GlobalSection(ProjectConfigurationPlatforms) = postSolution
		{470E3FC2-B368-4ADD-AA03-6A2131C10580}.Debug|Any CPU.ActiveCfg = Debug|Any CPU
		{470E3FC2-B368-4ADD-AA03-6A2131C10580}.Debug|Any CPU.Build.0 = Debug|Any CPU
		{470E3FC2-B368-4ADD-AA03-6A2131C10580}.Debug|x64.ActiveCfg = Debug|Any CPU
		{470E3FC2-B368-4ADD-AA03-6A2131C10580}.Debug|x64.Build.0 = Debug|Any CPU
		{470E3FC2-B368-4ADD-AA03-6A2131C10580}.Debug|x86.ActiveCfg = Debug|Any CPU
		{470E3FC2-B368-4ADD-AA03-6A2131C10580}.Debug|x86.Build.0 = Debug|Any CPU
		{470E3FC2-B368-4ADD-AA03-6A2131C10580}.Release|Any CPU.ActiveCfg = Release|Any CPU
		{470E3FC2-B368-4ADD-AA03-6A2131C10580}.Release|Any CPU.Build.0 = Release|Any CPU
		{470E3FC2-B368-4ADD-AA03-6A2131C10580}.Release|x64.ActiveCfg = Release|Any CPU
		{470E3FC2-B368-4ADD-AA03-6A2131C10580}.Release|x64.Build.0 = Release|Any CPU
		{470E3FC2-B368-4ADD-AA03-6A2131C10580}.Release|x86.ActiveCfg = Release|Any CPU
		{470E3FC2-B368-4ADD-AA03-6A2131C10580}.Release|x86.Build.0 = Release|Any CPU
		{BE1CDB05-D9D2-4E9B-86AD-CBB2A7C98F9D}.Debug|Any CPU.ActiveCfg = Debug|Any CPU
		{BE1CDB05-D9D2-4E9B-86AD-CBB2A7C98F9D}.Debug|Any CPU.Build.0 = Debug|Any CPU
		{BE1CDB05-D9D2-4E9B-86AD-CBB2A7C98F9D}.Debug|x64.ActiveCfg = Debug|Any CPU
		{BE1CDB05-D9D2-4E9B-86AD-CBB2A7C98F9D}.Debug|x64.Build.0 = Debug|Any CPU
		{BE1CDB05-D9D2-4E9B-86AD-CBB2A7C98F9D}.Debug|x86.ActiveCfg = Debug|Any CPU
		{BE1CDB05-D9D2-4E9B-86AD-CBB2A7C98F9D}.Debug|x86.Build.0 = Debug|Any CPU
		{BE1CDB05-D9D2-4E9B-86AD-CBB2A7C98F9D}.Release|Any CPU.ActiveCfg = Release|Any CPU
		{BE1CDB05-D9D2-4E9B-86AD-CBB2A7C98F9D}.Release|Any CPU.Build.0 = Release|Any CPU
		{BE1CDB05-D9D2-4E9B-86AD-CBB2A7C98F9D}.Release|x64.ActiveCfg = Release|Any CPU
		{BE1CDB05-D9D2-4E9B-86AD-CBB2A7C98F9D}.Release|x64.Build.0 = Release|Any CPU
		{BE1CDB05-D9D2-4E9B-86AD-CBB2A7C98F9D}.Release|x86.ActiveCfg = Release|Any CPU
		{BE1CDB05-D9D2-4E9B-86AD-CBB2A7C98F9D}.Release|x86.Build.0 = Release|Any CPU
		{FBA152C8-4B60-4431-8334-18DBD378AE03}.Debug|Any CPU.ActiveCfg = Debug|Any CPU
		{FBA152C8-4B60-4431-8334-18DBD378AE03}.Debug|Any CPU.Build.0 = Debug|Any CPU
		{FBA152C8-4B60-4431-8334-18DBD378AE03}.Debug|x64.ActiveCfg = Debug|Any CPU
		{FBA152C8-4B60-4431-8334-18DBD378AE03}.Debug|x64.Build.0 = Debug|Any CPU
		{FBA152C8-4B60-4431-8334-18DBD378AE03}.Debug|x86.ActiveCfg = Debug|Any CPU
		{FBA152C8-4B60-4431-8334-18DBD378AE03}.Debug|x86.Build.0 = Debug|Any CPU
		{FBA152C8-4B60-4431-8334-18DBD378AE03}.Release|Any CPU.ActiveCfg = Release|Any CPU
		{FBA152C8-4B60-4431-8334-18DBD378AE03}.Release|Any CPU.Build.0 = Release|Any CPU
		{FBA152C8-4B60-4431-8334-18DBD378AE03}.Release|x64.ActiveCfg = Release|Any CPU
		{FBA152C8-4B60-4431-8334-18DBD378AE03}.Release|x64.Build.0 = Release|Any CPU
		{FBA152C8-4B60-4431-8334-18DBD378AE03}.Release|x86.ActiveCfg = Release|Any CPU
		{FBA152C8-4B60-4431-8334-18DBD378AE03}.Release|x86.Build.0 = Release|Any CPU
		{17447BC7-D88A-413F-8834-6393B512A0C4}.Debug|Any CPU.ActiveCfg = Debug|Any CPU
		{17447BC7-D88A-413F-8834-6393B512A0C4}.Debug|Any CPU.Build.0 = Debug|Any CPU
		{17447BC7-D88A-413F-8834-6393B512A0C4}.Debug|x64.ActiveCfg = Debug|Any CPU
		{17447BC7-D88A-413F-8834-6393B512A0C4}.Debug|x64.Build.0 = Debug|Any CPU
		{17447BC7-D88A-413F-8834-6393B512A0C4}.Debug|x86.ActiveCfg = Debug|Any CPU
		{17447BC7-D88A-413F-8834-6393B512A0C4}.Debug|x86.Build.0 = Debug|Any CPU
		{17447BC7-D88A-413F-8834-6393B512A0C4}.Release|Any CPU.ActiveCfg = Release|Any CPU
		{17447BC7-D88A-413F-8834-6393B512A0C4}.Release|Any CPU.Build.0 = Release|Any CPU
		{17447BC7-D88A-413F-8834-6393B512A0C4}.Release|x64.ActiveCfg = Release|Any CPU
		{17447BC7-D88A-413F-8834-6393B512A0C4}.Release|x64.Build.0 = Release|Any CPU
		{17447BC7-D88A-413F-8834-6393B512A0C4}.Release|x86.ActiveCfg = Release|Any CPU
		{17447BC7-D88A-413F-8834-6393B512A0C4}.Release|x86.Build.0 = Release|Any CPU
		{826C592A-9A96-4ED8-B8CE-4547EDCBEA66}.Debug|Any CPU.ActiveCfg = Debug|Any CPU
		{826C592A-9A96-4ED8-B8CE-4547EDCBEA66}.Debug|Any CPU.Build.0 = Debug|Any CPU
		{826C592A-9A96-4ED8-B8CE-4547EDCBEA66}.Debug|x64.ActiveCfg = Debug|Any CPU
		{826C592A-9A96-4ED8-B8CE-4547EDCBEA66}.Debug|x64.Build.0 = Debug|Any CPU
		{826C592A-9A96-4ED8-B8CE-4547EDCBEA66}.Debug|x86.ActiveCfg = Debug|Any CPU
		{826C592A-9A96-4ED8-B8CE-4547EDCBEA66}.Debug|x86.Build.0 = Debug|Any CPU
		{826C592A-9A96-4ED8-B8CE-4547EDCBEA66}.Release|Any CPU.ActiveCfg = Release|Any CPU
		{826C592A-9A96-4ED8-B8CE-4547EDCBEA66}.Release|Any CPU.Build.0 = Release|Any CPU
		{826C592A-9A96-4ED8-B8CE-4547EDCBEA66}.Release|x64.ActiveCfg = Release|Any CPU
		{826C592A-9A96-4ED8-B8CE-4547EDCBEA66}.Release|x64.Build.0 = Release|Any CPU
		{826C592A-9A96-4ED8-B8CE-4547EDCBEA66}.Release|x86.ActiveCfg = Release|Any CPU
		{826C592A-9A96-4ED8-B8CE-4547EDCBEA66}.Release|x86.Build.0 = Release|Any CPU
		{F5F5FF10-F4DD-4FC7-9B87-216BD8026435}.Debug|Any CPU.ActiveCfg = Debug|Any CPU
		{F5F5FF10-F4DD-4FC7-9B87-216BD8026435}.Debug|Any CPU.Build.0 = Debug|Any CPU
		{F5F5FF10-F4DD-4FC7-9B87-216BD8026435}.Debug|x64.ActiveCfg = Debug|Any CPU
		{F5F5FF10-F4DD-4FC7-9B87-216BD8026435}.Debug|x64.Build.0 = Debug|Any CPU
		{F5F5FF10-F4DD-4FC7-9B87-216BD8026435}.Debug|x86.ActiveCfg = Debug|Any CPU
		{F5F5FF10-F4DD-4FC7-9B87-216BD8026435}.Debug|x86.Build.0 = Debug|Any CPU
		{F5F5FF10-F4DD-4FC7-9B87-216BD8026435}.Release|Any CPU.ActiveCfg = Release|Any CPU
		{F5F5FF10-F4DD-4FC7-9B87-216BD8026435}.Release|Any CPU.Build.0 = Release|Any CPU
		{F5F5FF10-F4DD-4FC7-9B87-216BD8026435}.Release|x64.ActiveCfg = Release|Any CPU
		{F5F5FF10-F4DD-4FC7-9B87-216BD8026435}.Release|x64.Build.0 = Release|Any CPU
		{F5F5FF10-F4DD-4FC7-9B87-216BD8026435}.Release|x86.ActiveCfg = Release|Any CPU
		{F5F5FF10-F4DD-4FC7-9B87-216BD8026435}.Release|x86.Build.0 = Release|Any CPU
		{C821DDAD-08AB-449C-9B8A-B1685C69D101}.Debug|Any CPU.ActiveCfg = Debug|Any CPU
		{C821DDAD-08AB-449C-9B8A-B1685C69D101}.Debug|Any CPU.Build.0 = Debug|Any CPU
		{C821DDAD-08AB-449C-9B8A-B1685C69D101}.Debug|x64.ActiveCfg = Debug|Any CPU
		{C821DDAD-08AB-449C-9B8A-B1685C69D101}.Debug|x64.Build.0 = Debug|Any CPU
		{C821DDAD-08AB-449C-9B8A-B1685C69D101}.Debug|x86.ActiveCfg = Debug|Any CPU
		{C821DDAD-08AB-449C-9B8A-B1685C69D101}.Debug|x86.Build.0 = Debug|Any CPU
		{C821DDAD-08AB-449C-9B8A-B1685C69D101}.Release|Any CPU.ActiveCfg = Release|Any CPU
		{C821DDAD-08AB-449C-9B8A-B1685C69D101}.Release|Any CPU.Build.0 = Release|Any CPU
		{C821DDAD-08AB-449C-9B8A-B1685C69D101}.Release|x64.ActiveCfg = Release|Any CPU
		{C821DDAD-08AB-449C-9B8A-B1685C69D101}.Release|x64.Build.0 = Release|Any CPU
		{C821DDAD-08AB-449C-9B8A-B1685C69D101}.Release|x86.ActiveCfg = Release|Any CPU
		{C821DDAD-08AB-449C-9B8A-B1685C69D101}.Release|x86.Build.0 = Release|Any CPU
		{6D9238A5-7F0B-4D05-88DF-6B4CB100303F}.Debug|Any CPU.ActiveCfg = Debug|Any CPU
		{6D9238A5-7F0B-4D05-88DF-6B4CB100303F}.Debug|Any CPU.Build.0 = Debug|Any CPU
		{6D9238A5-7F0B-4D05-88DF-6B4CB100303F}.Debug|x64.ActiveCfg = Debug|Any CPU
		{6D9238A5-7F0B-4D05-88DF-6B4CB100303F}.Debug|x64.Build.0 = Debug|Any CPU
		{6D9238A5-7F0B-4D05-88DF-6B4CB100303F}.Debug|x86.ActiveCfg = Debug|Any CPU
		{6D9238A5-7F0B-4D05-88DF-6B4CB100303F}.Debug|x86.Build.0 = Debug|Any CPU
		{6D9238A5-7F0B-4D05-88DF-6B4CB100303F}.Release|Any CPU.ActiveCfg = Release|Any CPU
		{6D9238A5-7F0B-4D05-88DF-6B4CB100303F}.Release|Any CPU.Build.0 = Release|Any CPU
		{6D9238A5-7F0B-4D05-88DF-6B4CB100303F}.Release|x64.ActiveCfg = Release|Any CPU
		{6D9238A5-7F0B-4D05-88DF-6B4CB100303F}.Release|x64.Build.0 = Release|Any CPU
		{6D9238A5-7F0B-4D05-88DF-6B4CB100303F}.Release|x86.ActiveCfg = Release|Any CPU
		{6D9238A5-7F0B-4D05-88DF-6B4CB100303F}.Release|x86.Build.0 = Release|Any CPU
	EndGlobalSection
	GlobalSection(SolutionProperties) = preSolution
		HideSolutionNode = FALSE
	EndGlobalSection
	GlobalSection(NestedProjects) = preSolution
		{826C592A-9A96-4ED8-B8CE-4547EDCBEA66} = {66320409-64EC-F7C5-3DEF-65E7510DAAD1}
	EndGlobalSection
EndGlobal
